
Microsoft Visual Studio Solution File, Format Version 12.00
# Visual Studio Version 17
VisualStudioVersion = 17.7.34003.232
MinimumVisualStudioVersion = 10.0.40219.1
Project("{2150E333-8FDC-42A3-9474-1A3956D46DE8}") = "Services", "Services", "{304CB696-0C33-4B15-B0CC-CDAF62ABE83F}"
EndProject
Project("{2150E333-8FDC-42A3-9474-1A3956D46DE8}") = "Catalog", "Catalog", "{ADDF2FE9-2425-49C3-9F7B-44DD0AC89F4F}"
EndProject
Project("{9A19103F-16F7-4668-BE54-9A1E7A4F7556}") = "Catalog.API", "Services\Catalog\Catalog.API\Catalog.API.csproj", "{F762763B-69ED-4F61-A005-D74C21CEA32A}"
EndProject
Project("{E53339B2-1760-4266-BCC7-CA923CBCF16C}") = "docker-compose", "docker-compose.dcproj", "{ECEE4913-A937-46F4-B7E0-55B167CE7203}"
EndProject
Project("{2150E333-8FDC-42A3-9474-1A3956D46DE8}") = "Basket", "Basket", "{C619FD67-3054-41EA-9A29-C9821411F902}"
EndProject
Project("{9A19103F-16F7-4668-BE54-9A1E7A4F7556}") = "Basket.API", "Services\Basket\Basket.API\Basket.API.csproj", "{B6032ADF-2B99-47AA-8DBB-D569B81E9D82}"
EndProject
Project("{2150E333-8FDC-42A3-9474-1A3956D46DE8}") = "Discount", "Discount", "{917EB846-AB45-4FD4-9156-640626664DCA}"
EndProject
Project("{9A19103F-16F7-4668-BE54-9A1E7A4F7556}") = "Discount.API", "Services\Discount\Discount.API\Discount.API.csproj", "{A65298C2-413B-4422-92DF-5A6D9C4E5CA5}"
EndProject
Project("{9A19103F-16F7-4668-BE54-9A1E7A4F7556}") = "Discount.Grpc", "Services\Discount\Discount.Grpc\Discount.Grpc.csproj", "{556F9DCC-BF2D-4C94-B7B0-087C092BC59E}"
EndProject
Project("{2150E333-8FDC-42A3-9474-1A3956D46DE8}") = "Ordering", "Ordering", "{83AF8A75-A06D-4913-8ED3-73880E5CD64C}"
EndProject
Project("{FAE04EC0-301F-11D3-BF4B-00C04F79EFBC}") = "Ordering.API", "Services\Ordering\Ordering.API\Ordering.API.csproj", "{4269115B-06F5-4999-A84F-BB37CBA73BF7}"
EndProject
Project("{FAE04EC0-301F-11D3-BF4B-00C04F79EFBC}") = "Ordering.Domain", "Services\Ordering\Ordering.Domain\Ordering.Domain.csproj", "{307502B3-00A8-4055-B7D9-DECB820AE32A}"
EndProject
Project("{FAE04EC0-301F-11D3-BF4B-00C04F79EFBC}") = "Ordering.Application", "Services\Ordering\Ordering.Application\Ordering.Application.csproj", "{673D8634-DD54-43D9-8B29-ACFE796B22EE}"
EndProject
Project("{FAE04EC0-301F-11D3-BF4B-00C04F79EFBC}") = "Ordering.Infrastructure", "Services\Ordering\Ordering.Infrastructure\Ordering.Infrastructure.csproj", "{8A09451D-8759-4BB3-9C26-0592CFEB4B8B}"
EndProject
Global
	GlobalSection(SolutionConfigurationPlatforms) = preSolution
		Debug|Any CPU = Debug|Any CPU
		Release|Any CPU = Release|Any CPU
	EndGlobalSection
	GlobalSection(ProjectConfigurationPlatforms) = postSolution
		{F762763B-69ED-4F61-A005-D74C21CEA32A}.Debug|Any CPU.ActiveCfg = Debug|Any CPU
		{F762763B-69ED-4F61-A005-D74C21CEA32A}.Debug|Any CPU.Build.0 = Debug|Any CPU
		{F762763B-69ED-4F61-A005-D74C21CEA32A}.Release|Any CPU.ActiveCfg = Release|Any CPU
		{F762763B-69ED-4F61-A005-D74C21CEA32A}.Release|Any CPU.Build.0 = Release|Any CPU
		{ECEE4913-A937-46F4-B7E0-55B167CE7203}.Debug|Any CPU.ActiveCfg = Debug|Any CPU
		{ECEE4913-A937-46F4-B7E0-55B167CE7203}.Debug|Any CPU.Build.0 = Debug|Any CPU
		{ECEE4913-A937-46F4-B7E0-55B167CE7203}.Release|Any CPU.ActiveCfg = Release|Any CPU
		{ECEE4913-A937-46F4-B7E0-55B167CE7203}.Release|Any CPU.Build.0 = Release|Any CPU
		{B6032ADF-2B99-47AA-8DBB-D569B81E9D82}.Debug|Any CPU.ActiveCfg = Debug|Any CPU
		{B6032ADF-2B99-47AA-8DBB-D569B81E9D82}.Debug|Any CPU.Build.0 = Debug|Any CPU
		{B6032ADF-2B99-47AA-8DBB-D569B81E9D82}.Release|Any CPU.ActiveCfg = Release|Any CPU
		{B6032ADF-2B99-47AA-8DBB-D569B81E9D82}.Release|Any CPU.Build.0 = Release|Any CPU
		{A65298C2-413B-4422-92DF-5A6D9C4E5CA5}.Debug|Any CPU.ActiveCfg = Debug|Any CPU
		{A65298C2-413B-4422-92DF-5A6D9C4E5CA5}.Debug|Any CPU.Build.0 = Debug|Any CPU
		{A65298C2-413B-4422-92DF-5A6D9C4E5CA5}.Release|Any CPU.ActiveCfg = Release|Any CPU
		{A65298C2-413B-4422-92DF-5A6D9C4E5CA5}.Release|Any CPU.Build.0 = Release|Any CPU
		{556F9DCC-BF2D-4C94-B7B0-087C092BC59E}.Debug|Any CPU.ActiveCfg = Debug|Any CPU
		{556F9DCC-BF2D-4C94-B7B0-087C092BC59E}.Debug|Any CPU.Build.0 = Debug|Any CPU
		{556F9DCC-BF2D-4C94-B7B0-087C092BC59E}.Release|Any CPU.ActiveCfg = Release|Any CPU
		{556F9DCC-BF2D-4C94-B7B0-087C092BC59E}.Release|Any CPU.Build.0 = Release|Any CPU
		{4269115B-06F5-4999-A84F-BB37CBA73BF7}.Debug|Any CPU.ActiveCfg = Debug|Any CPU
		{4269115B-06F5-4999-A84F-BB37CBA73BF7}.Debug|Any CPU.Build.0 = Debug|Any CPU
		{4269115B-06F5-4999-A84F-BB37CBA73BF7}.Release|Any CPU.ActiveCfg = Release|Any CPU
		{4269115B-06F5-4999-A84F-BB37CBA73BF7}.Release|Any CPU.Build.0 = Release|Any CPU
		{307502B3-00A8-4055-B7D9-DECB820AE32A}.Debug|Any CPU.ActiveCfg = Debug|Any CPU
		{307502B3-00A8-4055-B7D9-DECB820AE32A}.Debug|Any CPU.Build.0 = Debug|Any CPU
		{307502B3-00A8-4055-B7D9-DECB820AE32A}.Release|Any CPU.ActiveCfg = Release|Any CPU
		{307502B3-00A8-4055-B7D9-DECB820AE32A}.Release|Any CPU.Build.0 = Release|Any CPU
		{673D8634-DD54-43D9-8B29-ACFE796B22EE}.Debug|Any CPU.ActiveCfg = Debug|Any CPU
		{673D8634-DD54-43D9-8B29-ACFE796B22EE}.Debug|Any CPU.Build.0 = Debug|Any CPU
		{673D8634-DD54-43D9-8B29-ACFE796B22EE}.Release|Any CPU.ActiveCfg = Release|Any CPU
		{673D8634-DD54-43D9-8B29-ACFE796B22EE}.Release|Any CPU.Build.0 = Release|Any CPU
		{8A09451D-8759-4BB3-9C26-0592CFEB4B8B}.Debug|Any CPU.ActiveCfg = Debug|Any CPU
		{8A09451D-8759-4BB3-9C26-0592CFEB4B8B}.Debug|Any CPU.Build.0 = Debug|Any CPU
		{8A09451D-8759-4BB3-9C26-0592CFEB4B8B}.Release|Any CPU.ActiveCfg = Release|Any CPU
		{8A09451D-8759-4BB3-9C26-0592CFEB4B8B}.Release|Any CPU.Build.0 = Release|Any CPU
	EndGlobalSection
	GlobalSection(SolutionProperties) = preSolution
		HideSolutionNode = FALSE
	EndGlobalSection
	GlobalSection(NestedProjects) = preSolution
		{ADDF2FE9-2425-49C3-9F7B-44DD0AC89F4F} = {304CB696-0C33-4B15-B0CC-CDAF62ABE83F}
		{F762763B-69ED-4F61-A005-D74C21CEA32A} = {ADDF2FE9-2425-49C3-9F7B-44DD0AC89F4F}
		{C619FD67-3054-41EA-9A29-C9821411F902} = {304CB696-0C33-4B15-B0CC-CDAF62ABE83F}
		{B6032ADF-2B99-47AA-8DBB-D569B81E9D82} = {C619FD67-3054-41EA-9A29-C9821411F902}
		{917EB846-AB45-4FD4-9156-640626664DCA} = {304CB696-0C33-4B15-B0CC-CDAF62ABE83F}
		{A65298C2-413B-4422-92DF-5A6D9C4E5CA5} = {917EB846-AB45-4FD4-9156-640626664DCA}
		{556F9DCC-BF2D-4C94-B7B0-087C092BC59E} = {917EB846-AB45-4FD4-9156-640626664DCA}
		{83AF8A75-A06D-4913-8ED3-73880E5CD64C} = {304CB696-0C33-4B15-B0CC-CDAF62ABE83F}
		{4269115B-06F5-4999-A84F-BB37CBA73BF7} = {83AF8A75-A06D-4913-8ED3-73880E5CD64C}
		{307502B3-00A8-4055-B7D9-DECB820AE32A} = {83AF8A75-A06D-4913-8ED3-73880E5CD64C}
		{673D8634-DD54-43D9-8B29-ACFE796B22EE} = {83AF8A75-A06D-4913-8ED3-73880E5CD64C}
		{8A09451D-8759-4BB3-9C26-0592CFEB4B8B} = {83AF8A75-A06D-4913-8ED3-73880E5CD64C}
	EndGlobalSection
	GlobalSection(ExtensibilityGlobals) = postSolution
		SolutionGuid = {01B9108F-BB10-4480-88A4-A14589E09997}
	EndGlobalSection
EndGlobal
